
Microsoft Visual Studio Solution File, Format Version 12.00
# Visual Studio Version 16
VisualStudioVersion = 16.0.30420.98
MinimumVisualStudioVersion = 10.0.40219.1
Project("{8BC9CEB8-8B4A-11D0-8D11-00A0C91BC942}") = "MoeQ", "MoeQ\MoeQ.vcxproj", "{ADB15DCB-B984-48F7-A53F-0F5EA7BA2340}"
EndProject
Global
	GlobalSection(SolutionConfigurationPlatforms) = preSolution
		Debug|x64 = Debug|x64
		Release|x64 = Release|x64
	EndGlobalSection
	GlobalSection(ProjectConfigurationPlatforms) = postSolution
		{ADB15DCB-B984-48F7-A53F-0F5EA7BA2340}.Debug|x64.ActiveCfg = Debug|x64
		{ADB15DCB-B984-48F7-A53F-0F5EA7BA2340}.Debug|x64.Build.0 = Debug|x64
		{ADB15DCB-B984-48F7-A53F-0F5EA7BA2340}.Release|x64.ActiveCfg = Release|x64
		{ADB15DCB-B984-48F7-A53F-0F5EA7BA2340}.Release|x64.Build.0 = Release|x64
	EndGlobalSection
	GlobalSection(SolutionProperties) = preSolution
		HideSolutionNode = FALSE
	EndGlobalSection
	GlobalSection(ExtensibilityGlobals) = postSolution
		SolutionGuid = {4E824DEC-D264-45BD-BE8F-EF93AC0EEE8C}
	EndGlobalSection
EndGlobal
